lockfileVersion: 5.4

specifiers:
  '@types/jest': ^28.1.2
  '@types/node': ^18.0.0

devDependencies:
  '@types/jest': 28.1.2
  '@types/node': 18.0.0

packages:

  /@jest/schemas/28.0.2:
    resolution: {integrity: sha512-YVDJZjd4izeTDkij00vHHAymNXQ6WWsdChFRK86qck6Jpr3DCL5W3Is3vslviRlP+bLuMYRLbdp98amMvqudhA==}
    engines: {node: ^12.13.0 || ^14.15.0 || ^16.10.0 || >=17.0.0}
    dependencies:
      '@sinclair/typebox': 0.23.5
    dev: true

  /@sinclair/typebox/0.23.5:
    resolution: {integrity: sha512-AFBVi/iT4g20DHoujvMH1aEDn8fGJh4xsRGCP6d8RpLPMqsNPvW01Jcn0QysXTsg++/xj25NmJsGyH9xug/wKg==}
    dev: true

  /@types/jest/28.1.2:
    resolution: {integrity: sha512-5dNM7mMuIrCtNJsFfvUO/5xCrG8swuT2c7ND+sl3XwlwxJf3k7e7o+PRvcFN/iIm8XhCqHqxLOj9yutDDOJoRg==}
    dependencies:
      jest-matcher-utils: 28.1.1
      pretty-format: 28.1.1
    dev: true

  /@types/node/18.0.0:
    resolution: {integrity: sha512-cHlGmko4gWLVI27cGJntjs/Sj8th9aYwplmZFwmmgYQQvL5NUsgVJG7OddLvNfLqYS31KFN0s3qlaD9qCaxACA==}
    dev: true

  /ansi-regex/5.0.1:
    resolution: {integrity: sha512-quJQXlTSUGL2LH9SUXo8VwsY4soanhgo6LNSm84E1LBcE8s3O0wpdiRzyR9z/ZZJMlMWv37qOOb9pdJlMUEKFQ==}
    engines: {node: '>=8'}
    dev: true

  /ansi-styles/4.3.0:
    resolution: {integrity: sha512-zbB9rCJAT1rbjiVDb2hqKFHNYLxgtk8NURxZ3IZwD3F6NtxbXZQCnnSi1Lkx+IDohdPlFp222wVALIheZJQSEg==}
    engines: {node: '>=8'}
    dependencies:
      color-convert: 2.0.1
    dev: true

  /ansi-styles/5.2.0:
    resolution: {integrity: sha512-Cxwpt2SfTzTtXcfOlzGEee8O+c+MmUgGrNiBcXnuWxuFJHe6a5Hz7qwhwe5OgaSYI0IJvkLqWX1ASG+cJOkEiA==}
    engines: {node: '>=10'}
    dev: true

  /chalk/4.1.2:
    resolution: {integrity: sha512-oKnbhFyRIXpUuez8iBMmyEa4nbj4IOQyuhc/wy9kY7/WVPcwIO9VA668Pu8RkO7+0G76SLROeyw9CpQ061i4mA==}
    engines: {node: '>=10'}
    dependencies:
      ansi-styles: 4.3.0
      supports-color: 7.2.0
    dev: true

  /color-convert/2.0.1:
    resolution: {integrity: sha512-RRECPsj7iu/xb5oKYcsFHSppFNnsj/52OVTRKb4zP5onXwVF3zVmmToNcOfGC+CRDpfK/U584fMg38ZHCaElKQ==}
    engines: {node: '>=7.0.0'}
    dependencies:
      color-name: 1.1.4
    dev: true

  /color-name/1.1.4:
    resolution: {integrity: sha512-dOy+3AuW3a2wNbZHIuMZpTcgjGuLU/uBL/ubcZF9OXbDo8ff4O8yVp5Bf0efS8uEoYo5q4Fx7dY9OgQGXgAsQA==}
    dev: true

  /diff-sequences/28.1.1:
    resolution: {integrity: sha512-FU0iFaH/E23a+a718l8Qa/19bF9p06kgE0KipMOMadwa3SjnaElKzPaUC0vnibs6/B/9ni97s61mcejk8W1fQw==}
    engines: {node: ^12.13.0 || ^14.15.0 || ^16.10.0 || >=17.0.0}
    dev: true

  /has-flag/4.0.0:
    resolution: {integrity: sha512-EykJT/Q1KjTWctppgIAgfSO0tKVuZUjhgMr17kqTumMl6Afv3EISleU7qZUzoXDFTAHTDC4NOoG/ZxU3EvlMPQ==}
    engines: {node: '>=8'}
    dev: true

  /jest-diff/28.1.1:
    resolution: {integrity: sha512-/MUUxeR2fHbqHoMMiffe/Afm+U8U4olFRJ0hiVG2lZatPJcnGxx292ustVu7bULhjV65IYMxRdploAKLbcrsyg==}
    engines: {node: ^12.13.0 || ^14.15.0 || ^16.10.0 || >=17.0.0}
    dependencies:
      chalk: 4.1.2
      diff-sequences: 28.1.1
      jest-get-type: 28.0.2
      pretty-format: 28.1.1
    dev: true

  /jest-get-type/28.0.2:
    resolution: {integrity: sha512-ioj2w9/DxSYHfOm5lJKCdcAmPJzQXmbM/Url3rhlghrPvT3tt+7a/+oXc9azkKmLvoiXjtV83bEWqi+vs5nlPA==}
    engines: {node: ^12.13.0 || ^14.15.0 || ^16.10.0 || >=17.0.0}
    dev: true

  /jest-matcher-utils/28.1.1:
    resolution: {integrity: sha512-NPJPRWrbmR2nAJ+1nmnfcKKzSwgfaciCCrYZzVnNoxVoyusYWIjkBMNvu0RHJe7dNj4hH3uZOPZsQA+xAYWqsw==}
    engines: {node: ^12.13.0 || ^14.15.0 || ^16.10.0 || >=17.0.0}
    dependencies:
      chalk: 4.1.2
      jest-diff: 28.1.1
      jest-get-type: 28.0.2
      pretty-format: 28.1.1
    dev: true

  /pretty-format/28.1.1:
    resolution: {integrity: sha512-wwJbVTGFHeucr5Jw2bQ9P+VYHyLdAqedFLEkdQUVaBF/eiidDwH5OpilINq4mEfhbCjLnirt6HTTDhv1HaTIQw==}
    engines: {node: ^12.13.0 || ^14.15.0 || ^16.10.0 || >=17.0.0}
    dependencies:
      '@jest/schemas': 28.0.2
      ansi-regex: 5.0.1
      ansi-styles: 5.2.0
      react-is: 18.2.0
    dev: true

  /react-is/18.2.0:
    resolution: {integrity: sha512-xWGDIW6x921xtzPkhiULtthJHoJvBbF3q26fzloPCK0hsvxtPVelvftw3zjbHWSkR2km9Z+4uxbDDK/6Zw9B8w==}
    dev: true

  /supports-color/7.2.0:
    resolution: {integrity: sha512-qpCAvRl9stuOHveKsn7HncJRvv501qIacKzQlO/+Lwxc9+0q2wLyv4Dfvt80/DPn2pqOBsJdDiogXGR9+OvwRw==}
    engines: {node: '>=8'}
    dependencies:
      has-flag: 4.0.0
    dev: true
